
Microsoft Visual Studio Solution File, Format Version 12.00
# Visual Studio Version 17
VisualStudioVersion = 17.2.32630.192
MinimumVisualStudioVersion = 10.0.40219.1
Project("{FAE04EC0-301F-11D3-BF4B-00C04F79EFBC}") = "EfElseProject", "EfElseProject.csproj", "{F5477601-5EC7-4215-9901-1EED076FE60C}"
EndProject
Global
	GlobalSection(SolutionConfigurationPlatforms) = preSolution
		Debug|Any CPU = Debug|Any CPU
		Release|Any CPU = Release|Any CPU
	EndGlobalSection
	GlobalSection(ProjectConfigurationPlatforms) = postSolution
		{F5477601-5EC7-4215-9901-1EED076FE60C}.Debug|Any CPU.ActiveCfg = Debug|Any CPU
		{F5477601-5EC7-4215-9901-1EED076FE60C}.Debug|Any CPU.Build.0 = Debug|Any CPU
		{F5477601-5EC7-4215-9901-1EED076FE60C}.Release|Any CPU.ActiveCfg = Release|Any CPU
		{F5477601-5EC7-4215-9901-1EED076FE60C}.Release|Any CPU.Build.0 = Release|Any CPU
	EndGlobalSection
	GlobalSection(SolutionProperties) = preSolution
		HideSolutionNode = FALSE
	EndGlobalSection
	GlobalSection(ExtensibilityGlobals) = postSolution
		SolutionGuid = {51E71D0E-BE81-46A8-A771-F9BB5476C59D}
	EndGlobalSection
EndGlobal
